{
  "originHash" : "6c71de60b6f7fa3e63c5118d526c28165f6fd01b60924a5cb50e935d52eab28b",
  "pins" : [
    {
      "identity" : "capacitor-swift-pm",
      "kind" : "remoteSourceControl",
      "location" : "https://github.com/ionic-team/capacitor-swift-pm.git",
      "state" : {
        "revision" : "de1d86e8b7a9b3ddfd19d6304aa3850023536505",
        "version" : "7.6.0"
      }
    }
  ],
  "version" : 3
}
